// !$*UTF8*$!
{
	archiveVersion = 1;
	classes = {
	};
	objectVersion = 50;
	objects = {

/* Begin PBXBuildFile section */
		8F0425BA23C23D0300229316 /* VehicleList.swift in Sources */ = {isa = PBXBuildFile; fileRef = 8F0425B923C23D0300229316 /* VehicleList.swift */; };
		8F0425BC23C23D0E00229316 /* VehicleListViewModel.swift in Sources */ = {isa = PBXBuildFile; fileRef = 8F0425BB23C23D0E00229316 /* VehicleListViewModel.swift */; };
		8F07F77B23BFBC9400E9EF37 /* new_hope_characters.json in Resources */ = {isa = PBXBuildFile; fileRef = 8F07F77623BFBC9300E9EF37 /* new_hope_characters.json */; };
		8F07F77C23BFBC9400E9EF37 /* new_hope_vehicles.json in Resources */ = {isa = PBXBuildFile; fileRef = 8F07F77723BFBC9300E9EF37 /* new_hope_vehicles.json */; };
		8F07F77D23BFBC9400E9EF37 /* new_hope_starships.json in Resources */ = {isa = PBXBuildFile; fileRef = 8F07F77823BFBC9300E9EF37 /* new_hope_starships.json */; };
		8F07F77E23BFBC9400E9EF37 /* new_hope_planets.json in Resources */ = {isa = PBXBuildFile; fileRef = 8F07F77923BFBC9400E9EF37 /* new_hope_planets.json */; };
		8F07F77F23BFBC9400E9EF37 /* new_hope_species.json in Resources */ = {isa = PBXBuildFile; fileRef = 8F07F77A23BFBC9400E9EF37 /* new_hope_species.json */; };
		8F07F78123BFC99A00E9EF37 /* SampleDataTests.swift in Sources */ = {isa = PBXBuildFile; fileRef = 8F07F78023BFC99A00E9EF37 /* SampleDataTests.swift */; };
		8F07F78323BFE58800E9EF37 /* FilmInfoView.swift in Sources */ = {isa = PBXBuildFile; fileRef = 8F07F78223BFE58800E9EF37 /* FilmInfoView.swift */; };
		8F07F78523BFE59600E9EF37 /* FilmInfoViewModel.swift in Sources */ = {isa = PBXBuildFile; fileRef = 8F07F78423BFE59600E9EF37 /* FilmInfoViewModel.swift */; };
		8F07F78923C10F5000E9EF37 /* Film+Strings.swift in Sources */ = {isa = PBXBuildFile; fileRef = 8F07F78823C10F5000E9EF37 /* Film+Strings.swift */; };
		8F07F78B23C11B0700E9EF37 /* PersonRowView.swift in Sources */ = {isa = PBXBuildFile; fileRef = 8F07F78A23C11B0700E9EF37 /* PersonRowView.swift */; };
		8F07F78D23C11F2800E9EF37 /* PlanetRowView.swift in Sources */ = {isa = PBXBuildFile; fileRef = 8F07F78C23C11F2800E9EF37 /* PlanetRowView.swift */; };
		8F07F78F23C1226B00E9EF37 /* SpeciesRowView.swift in Sources */ = {isa = PBXBuildFile; fileRef = 8F07F78E23C1226B00E9EF37 /* SpeciesRowView.swift */; };
		8F07F79123C1248600E9EF37 /* StarshipRowView.swift in Sources */ = {isa = PBXBuildFile; fileRef = 8F07F79023C1248600E9EF37 /* StarshipRowView.swift */; };
		8F07F79323C126E800E9EF37 /* VehicleRowView.swift in Sources */ = {isa = PBXBuildFile; fileRef = 8F07F79223C126E800E9EF37 /* VehicleRowView.swift */; };
		8F07F79923C15B1000E9EF37 /* CharacterList.swift in Sources */ = {isa = PBXBuildFile; fileRef = 8F07F79823C15B1000E9EF37 /* CharacterList.swift */; };
		8F32F52523C25C3B00469244 /* people.json in Resources */ = {isa = PBXBuildFile; fileRef = 8F32F52423C25C3B00469244 /* people.json */; };
		8F32F52723C25CD200469244 /* planets.json in Resources */ = {isa = PBXBuildFile; fileRef = 8F32F52623C25CD200469244 /* planets.json */; };
		8F32F52923C25DD900469244 /* Tatooine.json in Resources */ = {isa = PBXBuildFile; fileRef = 8F32F52823C25DD900469244 /* Tatooine.json */; };
		8F32F52E23C2601100469244 /* luke_starships.json in Resources */ = {isa = PBXBuildFile; fileRef = 8F32F52A23C2601100469244 /* luke_starships.json */; };
		8F32F52F23C2601100469244 /* luke_films.json in Resources */ = {isa = PBXBuildFile; fileRef = 8F32F52B23C2601100469244 /* luke_films.json */; };
		8F32F53023C2601100469244 /* luke_species.json in Resources */ = {isa = PBXBuildFile; fileRef = 8F32F52C23C2601100469244 /* luke_species.json */; };
		8F32F53123C2601100469244 /* luke_vehicles.json in Resources */ = {isa = PBXBuildFile; fileRef = 8F32F52D23C2601100469244 /* luke_vehicles.json */; };
		8F32F53323C3698100469244 /* FilmRowView.swift in Sources */ = {isa = PBXBuildFile; fileRef = 8F32F53223C3698100469244 /* FilmRowView.swift */; };
		8F32F53723C3E6E100469244 /* PlanetView.swift in Sources */ = {isa = PBXBuildFile; fileRef = 8F32F53623C3E6E100469244 /* PlanetView.swift */; };
		8F32F53923C3E6F100469244 /* PlanetViewModel.swift in Sources */ = {isa = PBXBuildFile; fileRef = 8F32F53823C3E6F100469244 /* PlanetViewModel.swift */; };
		8F32F53C23C3F70100469244 /* alderaan_films.json in Resources */ = {isa = PBXBuildFile; fileRef = 8F32F53A23C3F70000469244 /* alderaan_films.json */; };
		8F32F53D23C3F70100469244 /* alderaan_residents.json in Resources */ = {isa = PBXBuildFile; fileRef = 8F32F53B23C3F70000469244 /* alderaan_residents.json */; };
		8F32F54123C433FA00469244 /* SpeciesView.swift in Sources */ = {isa = PBXBuildFile; fileRef = 8F32F54023C433FA00469244 /* SpeciesView.swift */; };
		8F32F54323C4340B00469244 /* SpeciesVIewModel.swift in Sources */ = {isa = PBXBuildFile; fileRef = 8F32F54223C4340B00469244 /* SpeciesVIewModel.swift */; };
		8F32F54523C43C7600469244 /* hutt.json in Resources */ = {isa = PBXBuildFile; fileRef = 8F32F54423C43C7600469244 /* hutt.json */; };
		8F32F54823C43CF200469244 /* hutt_films.json in Resources */ = {isa = PBXBuildFile; fileRef = 8F32F54623C43CF100469244 /* hutt_films.json */; };
		8F32F54923C43CF200469244 /* hutt_people.json in Resources */ = {isa = PBXBuildFile; fileRef = 8F32F54723C43CF200469244 /* hutt_people.json */; };
		8F32F54B23C43DF700469244 /* nal-hutta.json in Resources */ = {isa = PBXBuildFile; fileRef = 8F32F54A23C43DF700469244 /* nal-hutta.json */; };
		8F32F54F23C4B77700469244 /* StarshipView.swift in Sources */ = {isa = PBXBuildFile; fileRef = 8F32F54E23C4B77700469244 /* StarshipView.swift */; };
		8F32F55123C4B78200469244 /* StarshipViewModel.swift in Sources */ = {isa = PBXBuildFile; fileRef = 8F32F55023C4B78200469244 /* StarshipViewModel.swift */; };
		8F32F55523C4B97C00469244 /* falcon_pilots.json in Resources */ = {isa = PBXBuildFile; fileRef = 8F32F55223C4B97C00469244 /* falcon_pilots.json */; };
		8F32F55623C4B97C00469244 /* falcon_films.json in Resources */ = {isa = PBXBuildFile; fileRef = 8F32F55323C4B97C00469244 /* falcon_films.json */; };
		8F32F55723C4B97C00469244 /* falcon.json in Resources */ = {isa = PBXBuildFile; fileRef = 8F32F55423C4B97C00469244 /* falcon.json */; };
		8F32F55923C4D06B00469244 /* StringTests.swift in Sources */ = {isa = PBXBuildFile; fileRef = 8F32F55823C4D06B00469244 /* StringTests.swift */; };
		8F32F55C23C4D49200469244 /* VehicleView.swift in Sources */ = {isa = PBXBuildFile; fileRef = 8F32F55B23C4D49200469244 /* VehicleView.swift */; };
		8F32F55E23C4D49D00469244 /* VehicleViewModel.swift in Sources */ = {isa = PBXBuildFile; fileRef = 8F32F55D23C4D49D00469244 /* VehicleViewModel.swift */; };
		8F32F56223C4D73600469244 /* snowspeeder_pilots.json in Resources */ = {isa = PBXBuildFile; fileRef = 8F32F55F23C4D73600469244 /* snowspeeder_pilots.json */; };
		8F32F56323C4D73600469244 /* snowspeeder.json in Resources */ = {isa = PBXBuildFile; fileRef = 8F32F56023C4D73600469244 /* snowspeeder.json */; };
		8F32F56423C4D73600469244 /* snowspeeder_films.json in Resources */ = {isa = PBXBuildFile; fileRef = 8F32F56123C4D73600469244 /* snowspeeder_films.json */; };
		8F535D8F23BF759C00E72BF9 /* AppDelegate.swift in Sources */ = {isa = PBXBuildFile; fileRef = 8F535D8E23BF759C00E72BF9 /* AppDelegate.swift */; };
		8F535D9123BF759C00E72BF9 /* SceneDelegate.swift in Sources */ = {isa = PBXBuildFile; fileRef = 8F535D9023BF759C00E72BF9 /* SceneDelegate.swift */; };
		8F535D9323BF759C00E72BF9 /* ContentView.swift in Sources */ = {isa = PBXBuildFile; fileRef = 8F535D9223BF759C00E72BF9 /* ContentView.swift */; };
		8F535D9523BF75AF00E72BF9 /* Assets.xcassets in Resources */ = {isa = PBXBuildFile; fileRef = 8F535D9423BF75AF00E72BF9 /* Assets.xcassets */; };
		8F535D9823BF75AF00E72BF9 /* Preview Assets.xcassets in Resources */ = {isa = PBXBuildFile; fileRef = 8F535D9723BF75AF00E72BF9 /* Preview Assets.xcassets */; };
		8F535D9B23BF75AF00E72BF9 /* LaunchScreen.storyboard in Resources */ = {isa = PBXBuildFile; fileRef = 8F535D9923BF75AF00E72BF9 /* LaunchScreen.storyboard */; };
		8F535DA623BF75AF00E72BF9 /* SwapiSampleAppTests.swift in Sources */ = {isa = PBXBuildFile; fileRef = 8F535DA523BF75AF00E72BF9 /* SwapiSampleAppTests.swift */; };
		8F535DB223BF764000E72BF9 /* SwapiSwift.framework in Frameworks */ = {isa = PBXBuildFile; fileRef = 8F535DB123BF764000E72BF9 /* SwapiSwift.framework */; };
		8F535DB323BF764000E72BF9 /* SwapiSwift.framework in Embed Frameworks */ = {isa = PBXBuildFile; fileRef = 8F535DB123BF764000E72BF9 /* SwapiSwift.framework */; settings = {ATTRIBUTES = (CodeSignOnCopy, RemoveHeadersOnCopy, ); }; };
		8F535DB623BF76B100E72BF9 /* FilmsListView.swift in Sources */ = {isa = PBXBuildFile; fileRef = 8F535DB523BF76B100E72BF9 /* FilmsListView.swift */; };
		8F535DB823BF77BC00E72BF9 /* SampleData.swift in Sources */ = {isa = PBXBuildFile; fileRef = 8F535DB723BF77BC00E72BF9 /* SampleData.swift */; };
		8F535DBE23BF7FE500E72BF9 /* FilmsListViewModel.swift in Sources */ = {isa = PBXBuildFile; fileRef = 8F535DBD23BF7FE500E72BF9 /* FilmsListViewModel.swift */; };
		8F535DBF23BF86C100E72BF9 /* films.json in Resources */ = {isa = PBXBuildFile; fileRef = 8F535DBC23BF7A0500E72BF9 /* films.json */; };
		8F67DF8D23C23BB200F126D5 /* StarshipList.swift in Sources */ = {isa = PBXBuildFile; fileRef = 8F67DF8C23C23BB200F126D5 /* StarshipList.swift */; };
		8F67DF8F23C23BC000F126D5 /* StarshipListViewModel.swift in Sources */ = {isa = PBXBuildFile; fileRef = 8F67DF8E23C23BC000F126D5 /* StarshipListViewModel.swift */; };
		8F755FEF23C254E8002CBEFD /* PersonView.swift in Sources */ = {isa = PBXBuildFile; fileRef = 8F755FEE23C254E8002CBEFD /* PersonView.swift */; };
		8F755FF123C254F3002CBEFD /* PersonViewModel.swift in Sources */ = {isa = PBXBuildFile; fileRef = 8F755FF023C254F3002CBEFD /* PersonViewModel.swift */; };
		8F79E67223C23ED20043575F /* CharacterListViewModel.swift in Sources */ = {isa = PBXBuildFile; fileRef = 8F79E67123C23ED20043575F /* CharacterListViewModel.swift */; };
		8FAE12C523BFAE4300F0D03D /* FilmResultView.swift in Sources */ = {isa = PBXBuildFile; fileRef = 8FAE12C423BFAE4300F0D03D /* FilmResultView.swift */; };
		8FAE12C723BFAE7600F0D03D /* FilmResultViewModel.swift in Sources */ = {isa = PBXBuildFile; fileRef = 8FAE12C623BFAE7600F0D03D /* FilmResultViewModel.swift */; };
		8FAE12CA23BFB02E00F0D03D /* FilmView.swift in Sources */ = {isa = PBXBuildFile; fileRef = 8FAE12C923BFB02E00F0D03D /* FilmView.swift */; };
		8FAE12CC23BFB03B00F0D03D /* FilmViewModel.swift in Sources */ = {isa = PBXBuildFile; fileRef = 8FAE12CB23BFB03B00F0D03D /* FilmViewModel.swift */; };
		8FD1C89E23C23601001E13D2 /* NavigationDestination.swift in Sources */ = {isa = PBXBuildFile; fileRef = 8FD1C89D23C23601001E13D2 /* NavigationDestination.swift */; };
		8FD1C8A023C23652001E13D2 /* HeaderButtonView.swift in Sources */ = {isa = PBXBuildFile; fileRef = 8FD1C89F23C23652001E13D2 /* HeaderButtonView.swift */; };
		8FD1C8A223C23706001E13D2 /* PlanetList.swift in Sources */ = {isa = PBXBuildFile; fileRef = 8FD1C8A123C23706001E13D2 /* PlanetList.swift */; };
		8FD1C8A423C23713001E13D2 /* PlanetListViewModel.swift in Sources */ = {isa = PBXBuildFile; fileRef = 8FD1C8A323C23712001E13D2 /* PlanetListViewModel.swift */; };
		8FDAF3E323C2391600E928D2 /* SpeciesList.swift in Sources */ = {isa = PBXBuildFile; fileRef = 8FDAF3E223C2391600E928D2 /* SpeciesList.swift */; };
		8FDAF3E523C2392300E928D2 /* SpeciesListViewModel.swift in Sources */ = {isa = PBXBuildFile; fileRef = 8FDAF3E423C2392300E928D2 /* SpeciesListViewModel.swift */; };
/* End PBXBuildFile section */

/* Begin PBXContainerItemProxy section */
		8F535DA223BF75AF00E72BF9 /* PBXContainerItemProxy */ = {
			isa = PBXContainerItemProxy;
			containerPortal = 8F535D8323BF759C00E72BF9 /* Project object */;
			proxyType = 1;
			remoteGlobalIDString = 8F535D8A23BF759C00E72BF9;
			remoteInfo = SwapiSampleApp;
		};
/* End PBXContainerItemProxy section */

/* Begin PBXCopyFilesBuildPhase section */
		8F535DB423BF764000E72BF9 /* Embed Frameworks */ = {
			isa = PBXCopyFilesBuildPhase;
			buildActionMask = 2147483647;
			dstPath = "";
			dstSubfolderSpec = 10;
			files = (
				8F535DB323BF764000E72BF9 /* SwapiSwift.framework in Embed Frameworks */,
			);
			name = "Embed Frameworks";
			runOnlyForDeploymentPostprocessing = 0;
		};
/* End PBXCopyFilesBuildPhase section */

/* Begin PBXFileReference section */
		8F0425B923C23D0300229316 /* VehicleList.swift */ = {isa = PBXFileReference; lastKnownFileType = sourcecode.swift; path = VehicleList.swift; sourceTree = "<group>"; };
		8F0425BB23C23D0E00229316 /* VehicleListViewModel.swift */ = {isa = PBXFileReference; lastKnownFileType = sourcecode.swift; path = VehicleListViewModel.swift; sourceTree = "<group>"; };
		8F07F77623BFBC9300E9EF37 /* new_hope_characters.json */ = {isa = PBXFileReference; fileEncoding = 4; lastKnownFileType = text.json; path = new_hope_characters.json; sourceTree = "<group>"; };
		8F07F77723BFBC9300E9EF37 /* new_hope_vehicles.json */ = {isa = PBXFileReference; fileEncoding = 4; lastKnownFileType = text.json; path = new_hope_vehicles.json; sourceTree = "<group>"; };
		8F07F77823BFBC9300E9EF37 /* new_hope_starships.json */ = {isa = PBXFileReference; fileEncoding = 4; lastKnownFileType = text.json; path = new_hope_starships.json; sourceTree = "<group>"; };
		8F07F77923BFBC9400E9EF37 /* new_hope_planets.json */ = {isa = PBXFileReference; fileEncoding = 4; lastKnownFileType = text.json; path = new_hope_planets.json; sourceTree = "<group>"; };
		8F07F77A23BFBC9400E9EF37 /* new_hope_species.json */ = {isa = PBXFileReference; fileEncoding = 4; lastKnownFileType = text.json; path = new_hope_species.json; sourceTree = "<group>"; };
		8F07F78023BFC99A00E9EF37 /* SampleDataTests.swift */ = {isa = PBXFileReference; lastKnownFileType = sourcecode.swift; path = SampleDataTests.swift; sourceTree = "<group>"; };
		8F07F78223BFE58800E9EF37 /* FilmInfoView.swift */ = {isa = PBXFileReference; lastKnownFileType = sourcecode.swift; path = FilmInfoView.swift; sourceTree = "<group>"; };
		8F07F78423BFE59600E9EF37 /* FilmInfoViewModel.swift */ = {isa = PBXFileReference; lastKnownFileType = sourcecode.swift; path = FilmInfoViewModel.swift; sourceTree = "<group>"; };
		8F07F78823C10F5000E9EF37 /* Film+Strings.swift */ = {isa = PBXFileReference; lastKnownFileType = sourcecode.swift; path = "Film+Strings.swift"; sourceTree = "<group>"; };
		8F07F78A23C11B0700E9EF37 /* PersonRowView.swift */ = {isa = PBXFileReference; lastKnownFileType = sourcecode.swift; path = PersonRowView.swift; sourceTree = "<group>"; };
		8F07F78C23C11F2800E9EF37 /* PlanetRowView.swift */ = {isa = PBXFileReference; lastKnownFileType = sourcecode.swift; path = PlanetRowView.swift; sourceTree = "<group>"; };
		8F07F78E23C1226B00E9EF37 /* SpeciesRowView.swift */ = {isa = PBXFileReference; lastKnownFileType = sourcecode.swift; path = SpeciesRowView.swift; sourceTree = "<group>"; };
		8F07F79023C1248600E9EF37 /* StarshipRowView.swift */ = {isa = PBXFileReference; lastKnownFileType = sourcecode.swift; path = StarshipRowView.swift; sourceTree = "<group>"; };
		8F07F79223C126E800E9EF37 /* VehicleRowView.swift */ = {isa = PBXFileReference; lastKnownFileType = sourcecode.swift; path = VehicleRowView.swift; sourceTree = "<group>"; };
		8F07F79823C15B1000E9EF37 /* CharacterList.swift */ = {isa = PBXFileReference; lastKnownFileType = sourcecode.swift; path = CharacterList.swift; sourceTree = "<group>"; };
		8F32F52423C25C3B00469244 /* people.json */ = {isa = PBXFileReference; fileEncoding = 4; lastKnownFileType = text.json; path = people.json; sourceTree = "<group>"; };
		8F32F52623C25CD200469244 /* planets.json */ = {isa = PBXFileReference; fileEncoding = 4; lastKnownFileType = text.json; path = planets.json; sourceTree = "<group>"; };
		8F32F52823C25DD900469244 /* Tatooine.json */ = {isa = PBXFileReference; fileEncoding = 4; lastKnownFileType = text.json; path = Tatooine.json; sourceTree = "<group>"; };
		8F32F52A23C2601100469244 /* luke_starships.json */ = {isa = PBXFileReference; fileEncoding = 4; lastKnownFileType = text.json; path = luke_starships.json; sourceTree = "<group>"; };
		8F32F52B23C2601100469244 /* luke_films.json */ = {isa = PBXFileReference; fileEncoding = 4; lastKnownFileType = text.json; path = luke_films.json; sourceTree = "<group>"; };
		8F32F52C23C2601100469244 /* luke_species.json */ = {isa = PBXFileReference; fileEncoding = 4; lastKnownFileType = text.json; path = luke_species.json; sourceTree = "<group>"; };
		8F32F52D23C2601100469244 /* luke_vehicles.json */ = {isa = PBXFileReference; fileEncoding = 4; lastKnownFileType = text.json; path = luke_vehicles.json; sourceTree = "<group>"; };
		8F32F53223C3698100469244 /* FilmRowView.swift */ = {isa = PBXFileReference; lastKnownFileType = sourcecode.swift; path = FilmRowView.swift; sourceTree = "<group>"; };
		8F32F53623C3E6E100469244 /* PlanetView.swift */ = {isa = PBXFileReference; lastKnownFileType = sourcecode.swift; path = PlanetView.swift; sourceTree = "<group>"; };
		8F32F53823C3E6F100469244 /* PlanetViewModel.swift */ = {isa = PBXFileReference; lastKnownFileType = sourcecode.swift; path = PlanetViewModel.swift; sourceTree = "<group>"; };
		8F32F53A23C3F70000469244 /* alderaan_films.json */ = {isa = PBXFileReference; fileEncoding = 4; lastKnownFileType = text.json; path = alderaan_films.json; sourceTree = "<group>"; };
		8F32F53B23C3F70000469244 /* alderaan_residents.json */ = {isa = PBXFileReference; fileEncoding = 4; lastKnownFileType = text.json; path = alderaan_residents.json; sourceTree = "<group>"; };
		8F32F54023C433FA00469244 /* SpeciesView.swift */ = {isa = PBXFileReference; lastKnownFileType = sourcecode.swift; path = SpeciesView.swift; sourceTree = "<group>"; };
		8F32F54223C4340B00469244 /* SpeciesVIewModel.swift */ = {isa = PBXFileReference; lastKnownFileType = sourcecode.swift; path = SpeciesVIewModel.swift; sourceTree = "<group>"; };
		8F32F54423C43C7600469244 /* hutt.json */ = {isa = PBXFileReference; fileEncoding = 4; lastKnownFileType = text.json; name = hutt.json; path = ../../../../../Downloads/hutt.json; sourceTree = "<group>"; };
		8F32F54623C43CF100469244 /* hutt_films.json */ = {isa = PBXFileReference; fileEncoding = 4; lastKnownFileType = text.json; path = hutt_films.json; sourceTree = "<group>"; };
		8F32F54723C43CF200469244 /* hutt_people.json */ = {isa = PBXFileReference; fileEncoding = 4; lastKnownFileType = text.json; path = hutt_people.json; sourceTree = "<group>"; };
		8F32F54A23C43DF700469244 /* nal-hutta.json */ = {isa = PBXFileReference; fileEncoding = 4; lastKnownFileType = text.json; path = "nal-hutta.json"; sourceTree = "<group>"; };
		8F32F54E23C4B77700469244 /* StarshipView.swift */ = {isa = PBXFileReference; lastKnownFileType = sourcecode.swift; path = StarshipView.swift; sourceTree = "<group>"; };
		8F32F55023C4B78200469244 /* StarshipViewModel.swift */ = {isa = PBXFileReference; lastKnownFileType = sourcecode.swift; path = StarshipViewModel.swift; sourceTree = "<group>"; };
		8F32F55223C4B97C00469244 /* falcon_pilots.json */ = {isa = PBXFileReference; fileEncoding = 4; lastKnownFileType = text.json; path = falcon_pilots.json; sourceTree = "<group>"; };
		8F32F55323C4B97C00469244 /* falcon_films.json */ = {isa = PBXFileReference; fileEncoding = 4; lastKnownFileType = text.json; path = falcon_films.json; sourceTree = "<group>"; };
		8F32F55423C4B97C00469244 /* falcon.json */ = {isa = PBXFileReference; fileEncoding = 4; lastKnownFileType = text.json; path = falcon.json; sourceTree = "<group>"; };
		8F32F55823C4D06B00469244 /* StringTests.swift */ = {isa = PBXFileReference; lastKnownFileType = sourcecode.swift; path = StringTests.swift; sourceTree = "<group>"; };
		8F32F55B23C4D49200469244 /* VehicleView.swift */ = {isa = PBXFileReference; lastKnownFileType = sourcecode.swift; path = VehicleView.swift; sourceTree = "<group>"; };
		8F32F55D23C4D49D00469244 /* VehicleViewModel.swift */ = {isa = PBXFileReference; lastKnownFileType = sourcecode.swift; path = VehicleViewModel.swift; sourceTree = "<group>"; };
		8F32F55F23C4D73600469244 /* snowspeeder_pilots.json */ = {isa = PBXFileReference; fileEncoding = 4; lastKnownFileType = text.json; path = snowspeeder_pilots.json; sourceTree = "<group>"; };
		8F32F56023C4D73600469244 /* snowspeeder.json */ = {isa = PBXFileReference; fileEncoding = 4; lastKnownFileType = text.json; path = snowspeeder.json; sourceTree = "<group>"; };
		8F32F56123C4D73600469244 /* snowspeeder_films.json */ = {isa = PBXFileReference; fileEncoding = 4; lastKnownFileType = text.json; path = snowspeeder_films.json; sourceTree = "<group>"; };
		8F535D8B23BF759C00E72BF9 /* SwapiSampleApp.app */ = {isa = PBXFileReference; explicitFileType = wrapper.application; includeInIndex = 0; path = SwapiSampleApp.app; sourceTree = BUILT_PRODUCTS_DIR; };
		8F535D8E23BF759C00E72BF9 /* AppDelegate.swift */ = {isa = PBXFileReference; lastKnownFileType = sourcecode.swift; path = AppDelegate.swift; sourceTree = "<group>"; };
		8F535D9023BF759C00E72BF9 /* SceneDelegate.swift */ = {isa = PBXFileReference; lastKnownFileType = sourcecode.swift; path = SceneDelegate.swift; sourceTree = "<group>"; };
		8F535D9223BF759C00E72BF9 /* ContentView.swift */ = {isa = PBXFileReference; lastKnownFileType = sourcecode.swift; path = ContentView.swift; sourceTree = "<group>"; };
		8F535D9423BF75AF00E72BF9 /* Assets.xcassets */ = {isa = PBXFileReference; lastKnownFileType = folder.assetcatalog; path = Assets.xcassets; sourceTree = "<group>"; };
		8F535D9723BF75AF00E72BF9 /* Preview Assets.xcassets */ = {isa = PBXFileReference; lastKnownFileType = folder.assetcatalog; path = "Preview Assets.xcassets"; sourceTree = "<group>"; };
		8F535D9A23BF75AF00E72BF9 /* Base */ = {isa = PBXFileReference; lastKnownFileType = file.storyboard; name = Base; path = Base.lproj/LaunchScreen.storyboard; sourceTree = "<group>"; };
		8F535D9C23BF75AF00E72BF9 /* Info.plist */ = {isa = PBXFileReference; lastKnownFileType = text.plist.xml; path = Info.plist; sourceTree = "<group>"; };
		8F535DA123BF75AF00E72BF9 /* SwapiSampleAppTests.xctest */ = {isa = PBXFileReference; explicitFileType = wrapper.cfbundle; includeInIndex = 0; path = SwapiSampleAppTests.xctest; sourceTree = BUILT_PRODUCTS_DIR; };
		8F535DA523BF75AF00E72BF9 /* SwapiSampleAppTests.swift */ = {isa = PBXFileReference; lastKnownFileType = sourcecode.swift; path = SwapiSampleAppTests.swift; sourceTree = "<group>"; };
		8F535DA723BF75AF00E72BF9 /* Info.plist */ = {isa = PBXFileReference; lastKnownFileType = text.plist.xml; path = Info.plist; sourceTree = "<group>"; };
		8F535DB123BF764000E72BF9 /* SwapiSwift.framework */ = {isa = PBXFileReference; explicitFileType = wrapper.framework; path = SwapiSwift.framework; sourceTree = BUILT_PRODUCTS_DIR; };
		8F535DB523BF76B100E72BF9 /* FilmsListView.swift */ = {isa = PBXFileReference; lastKnownFileType = sourcecode.swift; path = FilmsListView.swift; sourceTree = "<group>"; };
		8F535DB723BF77BC00E72BF9 /* SampleData.swift */ = {isa = PBXFileReference; lastKnownFileType = sourcecode.swift; path = SampleData.swift; sourceTree = "<group>"; };
		8F535DBC23BF7A0500E72BF9 /* films.json */ = {isa = PBXFileReference; lastKnownFileType = text.json; path = films.json; sourceTree = "<group>"; };
		8F535DBD23BF7FE500E72BF9 /* FilmsListViewModel.swift */ = {isa = PBXFileReference; lastKnownFileType = sourcecode.swift; path = FilmsListViewModel.swift; sourceTree = "<group>"; };
		8F67DF8C23C23BB200F126D5 /* StarshipList.swift */ = {isa = PBXFileReference; lastKnownFileType = sourcecode.swift; path = StarshipList.swift; sourceTree = "<group>"; };
		8F67DF8E23C23BC000F126D5 /* StarshipListViewModel.swift */ = {isa = PBXFileReference; lastKnownFileType = sourcecode.swift; path = StarshipListViewModel.swift; sourceTree = "<group>"; };
		8F755FEE23C254E8002CBEFD /* PersonView.swift */ = {isa = PBXFileReference; lastKnownFileType = sourcecode.swift; path = PersonView.swift; sourceTree = "<group>"; };
		8F755FF023C254F3002CBEFD /* PersonViewModel.swift */ = {isa = PBXFileReference; lastKnownFileType = sourcecode.swift; path = PersonViewModel.swift; sourceTree = "<group>"; };
		8F79E67123C23ED20043575F /* CharacterListViewModel.swift */ = {isa = PBXFileReference; lastKnownFileType = sourcecode.swift; path = CharacterListViewModel.swift; sourceTree = "<group>"; };
		8FAE12C423BFAE4300F0D03D /* FilmResultView.swift */ = {isa = PBXFileReference; lastKnownFileType = sourcecode.swift; path = FilmResultView.swift; sourceTree = "<group>"; };
		8FAE12C623BFAE7600F0D03D /* FilmResultViewModel.swift */ = {isa = PBXFileReference; lastKnownFileType = sourcecode.swift; path = FilmResultViewModel.swift; sourceTree = "<group>"; };
		8FAE12C923BFB02E00F0D03D /* FilmView.swift */ = {isa = PBXFileReference; lastKnownFileType = sourcecode.swift; path = FilmView.swift; sourceTree = "<group>"; };
		8FAE12CB23BFB03B00F0D03D /* FilmViewModel.swift */ = {isa = PBXFileReference; lastKnownFileType = sourcecode.swift; path = FilmViewModel.swift; sourceTree = "<group>"; };
		8FD1C89D23C23601001E13D2 /* NavigationDestination.swift */ = {isa = PBXFileReference; lastKnownFileType = sourcecode.swift; path = NavigationDestination.swift; sourceTree = "<group>"; };
		8FD1C89F23C23652001E13D2 /* HeaderButtonView.swift */ = {isa = PBXFileReference; lastKnownFileType = sourcecode.swift; path = HeaderButtonView.swift; sourceTree = "<group>"; };
		8FD1C8A123C23706001E13D2 /* PlanetList.swift */ = {isa = PBXFileReference; lastKnownFileType = sourcecode.swift; path = PlanetList.swift; sourceTree = "<group>"; };
		8FD1C8A323C23712001E13D2 /* PlanetListViewModel.swift */ = {isa = PBXFileReference; lastKnownFileType = sourcecode.swift; path = PlanetListViewModel.swift; sourceTree = "<group>"; };
		8FDAF3E223C2391600E928D2 /* SpeciesList.swift */ = {isa = PBXFileReference; lastKnownFileType = sourcecode.swift; path = SpeciesList.swift; sourceTree = "<group>"; };
		8FDAF3E423C2392300E928D2 /* SpeciesListViewModel.swift */ = {isa = PBXFileReference; lastKnownFileType = sourcecode.swift; path = SpeciesListViewModel.swift; sourceTree = "<group>"; };
/* End PBXFileReference section */

/* Begin PBXFrameworksBuildPhase section */
		8F535D8823BF759C00E72BF9 /* Frameworks */ = {
			isa = PBXFrameworksBuildPhase;
			buildActionMask = 2147483647;
			files = (
				8F535DB223BF764000E72BF9 /* SwapiSwift.framework in Frameworks */,
			);
			runOnlyForDeploymentPostprocessing = 0;
		};
		8F535D9E23BF75AF00E72BF9 /* Frameworks */ = {
			isa = PBXFrameworksBuildPhase;
			buildActionMask = 2147483647;
			files = (
			);
			runOnlyForDeploymentPostprocessing = 0;
		};
/* End PBXFrameworksBuildPhase section */

/* Begin PBXGroup section */
		8F0425BD23C23D1400229316 /* VehicleList */ = {
			isa = PBXGroup;
			children = (
				8F0425B923C23D0300229316 /* VehicleList.swift */,
				8F0425BB23C23D0E00229316 /* VehicleListViewModel.swift */,
				8F07F79223C126E800E9EF37 /* VehicleRowView.swift */,
			);
			path = VehicleList;
			sourceTree = "<group>";
		};
		8F07F79A23C15B1600E9EF37 /* CharacterList */ = {
			isa = PBXGroup;
			children = (
				8F07F79823C15B1000E9EF37 /* CharacterList.swift */,
				8F79E67123C23ED20043575F /* CharacterListViewModel.swift */,
				8F07F78A23C11B0700E9EF37 /* PersonRowView.swift */,
			);
			path = CharacterList;
			sourceTree = "<group>";
		};
		8F32F53523C3E6BB00469244 /* Planet */ = {
			isa = PBXGroup;
			children = (
				8F32F53623C3E6E100469244 /* PlanetView.swift */,
				8F32F53823C3E6F100469244 /* PlanetViewModel.swift */,
			);
			path = Planet;
			sourceTree = "<group>";
		};
		8F32F53F23C433D800469244 /* Species */ = {
			isa = PBXGroup;
			children = (
				8F32F54023C433FA00469244 /* SpeciesView.swift */,
				8F32F54223C4340B00469244 /* SpeciesVIewModel.swift */,
			);
			path = Species;
			sourceTree = "<group>";
		};
		8F32F54D23C4B74D00469244 /* Starship */ = {
			isa = PBXGroup;
			children = (
				8F32F54E23C4B77700469244 /* StarshipView.swift */,
				8F32F55023C4B78200469244 /* StarshipViewModel.swift */,
			);
			path = Starship;
			sourceTree = "<group>";
		};
		8F32F55A23C4D46E00469244 /* Vehicle */ = {
			isa = PBXGroup;
			children = (
				8F32F55B23C4D49200469244 /* VehicleView.swift */,
				8F32F55D23C4D49D00469244 /* VehicleViewModel.swift */,
			);
			path = Vehicle;
			sourceTree = "<group>";
		};
		8F535D8223BF759C00E72BF9 = {
			isa = PBXGroup;
			children = (
				8F535D8D23BF759C00E72BF9 /* SwapiSampleApp */,
				8F535DA423BF75AF00E72BF9 /* SwapiSampleAppTests */,
				8F535D8C23BF759C00E72BF9 /* Products */,
				8F535DB023BF764000E72BF9 /* Frameworks */,
			);
			sourceTree = "<group>";
		};
		8F535D8C23BF759C00E72BF9 /* Products */ = {
			isa = PBXGroup;
			children = (
				8F535D8B23BF759C00E72BF9 /* SwapiSampleApp.app */,
				8F535DA123BF75AF00E72BF9 /* SwapiSampleAppTests.xctest */,
			);
			name = Products;
			sourceTree = "<group>";
		};
		8F535D8D23BF759C00E72BF9 /* SwapiSampleApp */ = {
			isa = PBXGroup;
			children = (
				8F535D9C23BF75AF00E72BF9 /* Info.plist */,
				8F535D8E23BF759C00E72BF9 /* AppDelegate.swift */,
				8F535D9223BF759C00E72BF9 /* ContentView.swift */,
				8FD1C89F23C23652001E13D2 /* HeaderButtonView.swift */,
				8FD1C89D23C23601001E13D2 /* NavigationDestination.swift */,
				8F535DB723BF77BC00E72BF9 /* SampleData.swift */,
				8F535D9023BF759C00E72BF9 /* SceneDelegate.swift */,
				8F535D9423BF75AF00E72BF9 /* Assets.xcassets */,
				8F535D9923BF75AF00E72BF9 /* LaunchScreen.storyboard */,
				8F07F79A23C15B1600E9EF37 /* CharacterList */,
				8FAE12CD23BFB04600F0D03D /* Film */,
				8FAE12C823BFAF4100F0D03D /* FilmList */,
				8F755FF223C254F8002CBEFD /* Person */,
				8F32F53523C3E6BB00469244 /* Planet */,
				8FD1C8A523C2371B001E13D2 /* PlanetList */,
				8F535D9623BF75AF00E72BF9 /* Preview Content */,
				8F535DBB23BF7A0500E72BF9 /* Resources */,
				8F32F53F23C433D800469244 /* Species */,
				8FDAF3E623C2392900E928D2 /* SpeciesList */,
				8F32F54D23C4B74D00469244 /* Starship */,
				8F67DF9023C23BC500F126D5 /* StarshipList */,
				8F32F55A23C4D46E00469244 /* Vehicle */,
				8F0425BD23C23D1400229316 /* VehicleList */,
			);
			path = SwapiSampleApp;
			sourceTree = "<group>";
		};
		8F535D9623BF75AF00E72BF9 /* Preview Content */ = {
			isa = PBXGroup;
			children = (
				8F535D9723BF75AF00E72BF9 /* Preview Assets.xcassets */,
			);
			path = "Preview Content";
			sourceTree = "<group>";
		};
		8F535DA423BF75AF00E72BF9 /* SwapiSampleAppTests */ = {
			isa = PBXGroup;
			children = (
				8F535DA523BF75AF00E72BF9 /* SwapiSampleAppTests.swift */,
				8F32F55823C4D06B00469244 /* StringTests.swift */,
				8F07F78023BFC99A00E9EF37 /* SampleDataTests.swift */,
				8F535DA723BF75AF00E72BF9 /* Info.plist */,
			);
			path = SwapiSampleAppTests;
			sourceTree = "<group>";
		};
		8F535DB023BF764000E72BF9 /* Frameworks */ = {
			isa = PBXGroup;
			children = (
				8F535DB123BF764000E72BF9 /* SwapiSwift.framework */,
			);
			name = Frameworks;
			sourceTree = "<group>";
		};
		8F535DBB23BF7A0500E72BF9 /* Resources */ = {
			isa = PBXGroup;
			children = (
				8F32F53A23C3F70000469244 /* alderaan_films.json */,
				8F32F53B23C3F70000469244 /* alderaan_residents.json */,
				8F32F55323C4B97C00469244 /* falcon_films.json */,
				8F32F55223C4B97C00469244 /* falcon_pilots.json */,
				8F32F55423C4B97C00469244 /* falcon.json */,
				8F535DBC23BF7A0500E72BF9 /* films.json */,
				8F32F54623C43CF100469244 /* hutt_films.json */,
				8F32F54723C43CF200469244 /* hutt_people.json */,
				8F32F54423C43C7600469244 /* hutt.json */,
				8F32F52B23C2601100469244 /* luke_films.json */,
				8F32F52C23C2601100469244 /* luke_species.json */,
				8F32F52A23C2601100469244 /* luke_starships.json */,
				8F32F52D23C2601100469244 /* luke_vehicles.json */,
				8F32F54A23C43DF700469244 /* nal-hutta.json */,
				8F07F77623BFBC9300E9EF37 /* new_hope_characters.json */,
				8F07F77923BFBC9400E9EF37 /* new_hope_planets.json */,
				8F07F77A23BFBC9400E9EF37 /* new_hope_species.json */,
				8F07F77823BFBC9300E9EF37 /* new_hope_starships.json */,
				8F07F77723BFBC9300E9EF37 /* new_hope_vehicles.json */,
				8F32F52423C25C3B00469244 /* people.json */,
				8F32F52623C25CD200469244 /* planets.json */,
				8F32F56123C4D73600469244 /* snowspeeder_films.json */,
				8F32F55F23C4D73600469244 /* snowspeeder_pilots.json */,
				8F32F56023C4D73600469244 /* snowspeeder.json */,
				8F32F52823C25DD900469244 /* Tatooine.json */,
			);
			path = Resources;
			sourceTree = "<group>";
		};
		8F67DF9023C23BC500F126D5 /* StarshipList */ = {
			isa = PBXGroup;
			children = (
				8F67DF8C23C23BB200F126D5 /* StarshipList.swift */,
				8F67DF8E23C23BC000F126D5 /* StarshipListViewModel.swift */,
				8F07F79023C1248600E9EF37 /* StarshipRowView.swift */,
			);
			path = StarshipList;
			sourceTree = "<group>";
		};
		8F755FF223C254F8002CBEFD /* Person */ = {
			isa = PBXGroup;
			children = (
				8F755FEE23C254E8002CBEFD /* PersonView.swift */,
				8F755FF023C254F3002CBEFD /* PersonViewModel.swift */,
			);
			path = Person;
			sourceTree = "<group>";
		};
		8FAE12C823BFAF4100F0D03D /* FilmList */ = {
			isa = PBXGroup;
			children = (
				8FAE12C423BFAE4300F0D03D /* FilmResultView.swift */,
				8FAE12C623BFAE7600F0D03D /* FilmResultViewModel.swift */,
				8F535DB523BF76B100E72BF9 /* FilmsListView.swift */,
				8F535DBD23BF7FE500E72BF9 /* FilmsListViewModel.swift */,
				8F32F53223C3698100469244 /* FilmRowView.swift */,
			);
			path = FilmList;
			sourceTree = "<group>";
		};
		8FAE12CD23BFB04600F0D03D /* Film */ = {
			isa = PBXGroup;
			children = (
				8F07F78823C10F5000E9EF37 /* Film+Strings.swift */,
				8F07F78223BFE58800E9EF37 /* FilmInfoView.swift */,
				8F07F78423BFE59600E9EF37 /* FilmInfoViewModel.swift */,
				8FAE12C923BFB02E00F0D03D /* FilmView.swift */,
				8FAE12CB23BFB03B00F0D03D /* FilmViewModel.swift */,
			);
			path = Film;
			sourceTree = "<group>";
		};
		8FD1C8A523C2371B001E13D2 /* PlanetList */ = {
			isa = PBXGroup;
			children = (
				8FD1C8A123C23706001E13D2 /* PlanetList.swift */,
				8FD1C8A323C23712001E13D2 /* PlanetListViewModel.swift */,
				8F07F78C23C11F2800E9EF37 /* PlanetRowView.swift */,
			);
			path = PlanetList;
			sourceTree = "<group>";
		};
		8FDAF3E623C2392900E928D2 /* SpeciesList */ = {
			isa = PBXGroup;
			children = (
				8FDAF3E223C2391600E928D2 /* SpeciesList.swift */,
				8FDAF3E423C2392300E928D2 /* SpeciesListViewModel.swift */,
				8F07F78E23C1226B00E9EF37 /* SpeciesRowView.swift */,
			);
			path = SpeciesList;
			sourceTree = "<group>";
		};
/* End PBXGroup section */

/* Begin PBXNativeTarget section */
		8F535D8A23BF759C00E72BF9 /* SwapiSampleApp */ = {
			isa = PBXNativeTarget;
			buildConfigurationList = 8F535DAA23BF75AF00E72BF9 /* Build configuration list for PBXNativeTarget "SwapiSampleApp" */;
			buildPhases = (
				8F535D8723BF759C00E72BF9 /* Sources */,
				8F535D8823BF759C00E72BF9 /* Frameworks */,
				8F535D8923BF759C00E72BF9 /* Resources */,
				8F535DB423BF764000E72BF9 /* Embed Frameworks */,
			);
			buildRules = (
			);
			dependencies = (
			);
			name = SwapiSampleApp;
			productName = SwapiSampleApp;
			productReference = 8F535D8B23BF759C00E72BF9 /* SwapiSampleApp.app */;
			productType = "com.apple.product-type.application";
		};
		8F535DA023BF75AF00E72BF9 /* SwapiSampleAppTests */ = {
			isa = PBXNativeTarget;
			buildConfigurationList = 8F535DAD23BF75AF00E72BF9 /* Build configuration list for PBXNativeTarget "SwapiSampleAppTests" */;
			buildPhases = (
				8F535D9D23BF75AF00E72BF9 /* Sources */,
				8F535D9E23BF75AF00E72BF9 /* Frameworks */,
				8F535D9F23BF75AF00E72BF9 /* Resources */,
			);
			buildRules = (
			);
			dependencies = (
				8F535DA323BF75AF00E72BF9 /* PBXTargetDependency */,
			);
			name = SwapiSampleAppTests;
			productName = SwapiSampleAppTests;
			productReference = 8F535DA123BF75AF00E72BF9 /* SwapiSampleAppTests.xctest */;
			productType = "com.apple.product-type.bundle.unit-test";
		};
/* End PBXNativeTarget section */

/* Begin PBXProject section */
		8F535D8323BF759C00E72BF9 /* Project object */ = {
			isa = PBXProject;
			attributes = {
				LastSwiftUpdateCheck = 1120;
				LastUpgradeCheck = 1120;
				ORGANIZATIONNAME = thinx;
				TargetAttributes = {
					8F535D8A23BF759C00E72BF9 = {
						CreatedOnToolsVersion = 11.2.1;
					};
					8F535DA023BF75AF00E72BF9 = {
						CreatedOnToolsVersion = 11.2.1;
						TestTargetID = 8F535D8A23BF759C00E72BF9;
					};
				};
			};
			buildConfigurationList = 8F535D8623BF759C00E72BF9 /* Build configuration list for PBXProject "SwapiSampleApp" */;
			compatibilityVersion = "Xcode 9.3";
			developmentRegion = en;
			hasScannedForEncodings = 0;
			knownRegions = (
				en,
				Base,
			);
			mainGroup = 8F535D8223BF759C00E72BF9;
			productRefGroup = 8F535D8C23BF759C00E72BF9 /* Products */;
			projectDirPath = "";
			projectRoot = "";
			targets = (
				8F535D8A23BF759C00E72BF9 /* SwapiSampleApp */,
				8F535DA023BF75AF00E72BF9 /* SwapiSampleAppTests */,
			);
		};
/* End PBXProject section */

/* Begin PBXResourcesBuildPhase section */
		8F535D8923BF759C00E72BF9 /* Resources */ = {
			isa = PBXResourcesBuildPhase;
			buildActionMask = 2147483647;
			files = (
				8F32F53C23C3F70100469244 /* alderaan_films.json in Resources */,
				8F07F77E23BFBC9400E9EF37 /* new_hope_planets.json in Resources */,
				8F32F55523C4B97C00469244 /* falcon_pilots.json in Resources */,
				8F535D9B23BF75AF00E72BF9 /* LaunchScreen.storyboard in Resources */,
				8F32F56223C4D73600469244 /* snowspeeder_pilots.json in Resources */,
				8F32F53D23C3F70100469244 /* alderaan_residents.json in Resources */,
				8F32F53023C2601100469244 /* luke_species.json in Resources */,
				8F32F52F23C2601100469244 /* luke_films.json in Resources */,
				8F32F55723C4B97C00469244 /* falcon.json in Resources */,
				8F32F54823C43CF200469244 /* hutt_films.json in Resources */,
				8F07F77B23BFBC9400E9EF37 /* new_hope_characters.json in Resources */,
				8F535DBF23BF86C100E72BF9 /* films.json in Resources */,
				8F32F52923C25DD900469244 /* Tatooine.json in Resources */,
				8F535D9823BF75AF00E72BF9 /* Preview Assets.xcassets in Resources */,
				8F32F52723C25CD200469244 /* planets.json in Resources */,
				8F32F56323C4D73600469244 /* snowspeeder.json in Resources */,
				8F32F54B23C43DF700469244 /* nal-hutta.json in Resources */,
				8F32F55623C4B97C00469244 /* falcon_films.json in Resources */,
				8F535D9523BF75AF00E72BF9 /* Assets.xcassets in Resources */,
				8F32F52523C25C3B00469244 /* people.json in Resources */,
				8F07F77C23BFBC9400E9EF37 /* new_hope_vehicles.json in Resources */,
				8F32F52E23C2601100469244 /* luke_starships.json in Resources */,
				8F32F56423C4D73600469244 /* snowspeeder_films.json in Resources */,
				8F32F54923C43CF200469244 /* hutt_people.json in Resources */,
				8F32F53123C2601100469244 /* luke_vehicles.json in Resources */,
				8F32F54523C43C7600469244 /* hutt.json in Resources */,
				8F07F77F23BFBC9400E9EF37 /* new_hope_species.json in Resources */,
				8F07F77D23BFBC9400E9EF37 /* new_hope_starships.json in Resources */,
			);
			runOnlyForDeploymentPostprocessing = 0;
		};
		8F535D9F23BF75AF00E72BF9 /* Resources */ = {
			isa = PBXResourcesBuildPhase;
			buildActionMask = 2147483647;
			files = (
			);
			runOnlyForDeploymentPostprocessing = 0;
		};
/* End PBXResourcesBuildPhase section */

/* Begin PBXSourcesBuildPhase section */
		8F535D8723BF759C00E72BF9 /* Sources */ = {
			isa = PBXSourcesBuildPhase;
			buildActionMask = 2147483647;
			files = (
				8F535DB623BF76B100E72BF9 /* FilmsListView.swift in Sources */,
				8F535D8F23BF759C00E72BF9 /* AppDelegate.swift in Sources */,
				8F07F79323C126E800E9EF37 /* VehicleRowView.swift in Sources */,
				8F32F54123C433FA00469244 /* SpeciesView.swift in Sources */,
				8FAE12CC23BFB03B00F0D03D /* FilmViewModel.swift in Sources */,
				8FDAF3E323C2391600E928D2 /* SpeciesList.swift in Sources */,
				8F67DF8F23C23BC000F126D5 /* StarshipListViewModel.swift in Sources */,
				8FD1C89E23C23601001E13D2 /* NavigationDestination.swift in Sources */,
				8F32F54F23C4B77700469244 /* StarshipView.swift in Sources */,
				8F32F55E23C4D49D00469244 /* VehicleViewModel.swift in Sources */,
				8F07F78323BFE58800E9EF37 /* FilmInfoView.swift in Sources */,
				8F0425BA23C23D0300229316 /* VehicleList.swift in Sources */,
				8FAE12CA23BFB02E00F0D03D /* FilmView.swift in Sources */,
				8F755FEF23C254E8002CBEFD /* PersonView.swift in Sources */,
				8FDAF3E523C2392300E928D2 /* SpeciesListViewModel.swift in Sources */,
				8FD1C8A223C23706001E13D2 /* PlanetList.swift in Sources */,
				8F535D9123BF759C00E72BF9 /* SceneDelegate.swift in Sources */,
				8FAE12C723BFAE7600F0D03D /* FilmResultViewModel.swift in Sources */,
				8FD1C8A423C23713001E13D2 /* PlanetListViewModel.swift in Sources */,
				8FD1C8A023C23652001E13D2 /* HeaderButtonView.swift in Sources */,
				8F535DB823BF77BC00E72BF9 /* SampleData.swift in Sources */,
				8F67DF8D23C23BB200F126D5 /* StarshipList.swift in Sources */,
				8F755FF123C254F3002CBEFD /* PersonViewModel.swift in Sources */,
				8F32F53723C3E6E100469244 /* PlanetView.swift in Sources */,
				8F32F55C23C4D49200469244 /* VehicleView.swift in Sources */,
				8F32F53923C3E6F100469244 /* PlanetViewModel.swift in Sources */,
				8F32F53323C3698100469244 /* FilmRowView.swift in Sources */,
				8F07F78D23C11F2800E9EF37 /* PlanetRowView.swift in Sources */,
				8F535DBE23BF7FE500E72BF9 /* FilmsListViewModel.swift in Sources */,
				8F535D9323BF759C00E72BF9 /* ContentView.swift in Sources */,
				8F0425BC23C23D0E00229316 /* VehicleListViewModel.swift in Sources */,
				8F07F78923C10F5000E9EF37 /* Film+Strings.swift in Sources */,
				8F32F54323C4340B00469244 /* SpeciesVIewModel.swift in Sources */,
				8F32F55123C4B78200469244 /* StarshipViewModel.swift in Sources */,
				8F07F79923C15B1000E9EF37 /* CharacterList.swift in Sources */,
				8F07F78B23C11B0700E9EF37 /* PersonRowView.swift in Sources */,
				8F07F78523BFE59600E9EF37 /* FilmInfoViewModel.swift in Sources */,
				8F07F78F23C1226B00E9EF37 /* SpeciesRowView.swift in Sources */,
				8FAE12C523BFAE4300F0D03D /* FilmResultView.swift in Sources */,
				8F79E67223C23ED20043575F /* CharacterListViewModel.swift in Sources */,
				8F07F79123C1248600E9EF37 /* StarshipRowView.swift in Sources */,
			);
			runOnlyForDeploymentPostprocessing = 0;
		};
		8F535D9D23BF75AF00E72BF9 /* Sources */ = {
			isa = PBXSourcesBuildPhase;
			buildActionMask = 2147483647;
			files = (
				8F535DA623BF75AF00E72BF9 /* SwapiSampleAppTests.swift in Sources */,
				8F32F55923C4D06B00469244 /* StringTests.swift in Sources */,
				8F07F78123BFC99A00E9EF37 /* SampleDataTests.swift in Sources */,
			);
			runOnlyForDeploymentPostprocessing = 0;
		};
/* End PBXSourcesBuildPhase section */

/* Begin PBXTargetDependency section */
		8F535DA323BF75AF00E72BF9 /* PBXTargetDependency */ = {
			isa = PBXTargetDependency;
			target = 8F535D8A23BF759C00E72BF9 /* SwapiSampleApp */;
			targetProxy = 8F535DA223BF75AF00E72BF9 /* PBXContainerItemProxy */;
		};
/* End PBXTargetDependency section */

/* Begin PBXVariantGroup section */
		8F535D9923BF75AF00E72BF9 /* LaunchScreen.storyboard */ = {
			isa = PBXVariantGroup;
			children = (
				8F535D9A23BF75AF00E72BF9 /* Base */,
			);
			name = LaunchScreen.storyboard;
			sourceTree = "<group>";
		};
/* End PBXVariantGroup section */

/* Begin XCBuildConfiguration section */
		8F535DA823BF75AF00E72BF9 /* Debug */ = {
			isa = XCBuildConfiguration;
			buildSettings = {
				ALWAYS_SEARCH_USER_PATHS = NO;
				CLANG_ANALYZER_NONNULL = YES;
				CLANG_ANALYZER_NUMBER_OBJECT_CONVERSION = YES_AGGRESSIVE;
				CLANG_CXX_LANGUAGE_STANDARD = "gnu++14";
				CLANG_CXX_LIBRARY = "libc++";
				CLANG_ENABLE_MODULES = YES;
				CLANG_ENABLE_OBJC_ARC = YES;
				CLANG_ENABLE_OBJC_WEAK = YES;
				CLANG_WARN_BLOCK_CAPTURE_AUTORELEASING = YES;
				CLANG_WARN_BOOL_CONVERSION = YES;
				CLANG_WARN_COMMA = YES;
				CLANG_WARN_CONSTANT_CONVERSION = YES;
				CLANG_WARN_DEPRECATED_OBJC_IMPLEMENTATIONS = YES;
				CLANG_WARN_DIRECT_OBJC_ISA_USAGE = YES_ERROR;
				CLANG_WARN_DOCUMENTATION_COMMENTS = YES;
				CLANG_WARN_EMPTY_BODY = YES;
				CLANG_WARN_ENUM_CONVERSION = YES;
				CLANG_WARN_INFINITE_RECURSION = YES;
				CLANG_WARN_INT_CONVERSION = YES;
				CLANG_WARN_NON_LITERAL_NULL_CONVERSION = YES;
				CLANG_WARN_OBJC_IMPLICIT_RETAIN_SELF = YES;
				CLANG_WARN_OBJC_LITERAL_CONVERSION = YES;
				CLANG_WARN_OBJC_ROOT_CLASS = YES_ERROR;
				CLANG_WARN_RANGE_LOOP_ANALYSIS = YES;
				CLANG_WARN_STRICT_PROTOTYPES = YES;
				CLANG_WARN_SUSPICIOUS_MOVE = YES;
				CLANG_WARN_UNGUARDED_AVAILABILITY = YES_AGGRESSIVE;
				CLANG_WARN_UNREACHABLE_CODE = YES;
				CLANG_WARN__DUPLICATE_METHOD_MATCH = YES;
				COPY_PHASE_STRIP = NO;
				DEBUG_INFORMATION_FORMAT = dwarf;
				ENABLE_STRICT_OBJC_MSGSEND = YES;
				ENABLE_TESTABILITY = YES;
				GCC_C_LANGUAGE_STANDARD = gnu11;
				GCC_DYNAMIC_NO_PIC = NO;
				GCC_NO_COMMON_BLOCKS = YES;
				GCC_OPTIMIZATION_LEVEL = 0;
				GCC_PREPROCESSOR_DEFINITIONS = (
					"DEBUG=1",
					"$(inherited)",
				);
				GCC_WARN_64_TO_32_BIT_CONVERSION = YES;
				GCC_WARN_ABOUT_RETURN_TYPE = YES_ERROR;
				GCC_WARN_UNDECLARED_SELECTOR = YES;
				GCC_WARN_UNINITIALIZED_AUTOS = YES_AGGRESSIVE;
				GCC_WARN_UNUSED_FUNCTION = YES;
				GCC_WARN_UNUSED_VARIABLE = YES;
				IPHONEOS_DEPLOYMENT_TARGET = 13.2;
				MTL_ENABLE_DEBUG_INFO = INCLUDE_SOURCE;
				MTL_FAST_MATH = YES;
				ONLY_ACTIVE_ARCH = YES;
				SDKROOT = iphoneos;
				SWIFT_ACTIVE_COMPILATION_CONDITIONS = DEBUG;
				SWIFT_OPTIMIZATION_LEVEL = "-Onone";
			};
			name = Debug;
		};
		8F535DA923BF75AF00E72BF9 /* Release */ = {
			isa = XCBuildConfiguration;
			buildSettings = {
				ALWAYS_SEARCH_USER_PATHS = NO;
				CLANG_ANALYZER_NONNULL = YES;
				CLANG_ANALYZER_NUMBER_OBJECT_CONVERSION = YES_AGGRESSIVE;
				CLANG_CXX_LANGUAGE_STANDARD = "gnu++14";
				CLANG_CXX_LIBRARY = "libc++";
				CLANG_ENABLE_MODULES = YES;
				CLANG_ENABLE_OBJC_ARC = YES;
				CLANG_ENABLE_OBJC_WEAK = YES;
				CLANG_WARN_BLOCK_CAPTURE_AUTORELEASING = YES;
				CLANG_WARN_BOOL_CONVERSION = YES;
				CLANG_WARN_COMMA = YES;
				CLANG_WARN_CONSTANT_CONVERSION = YES;
				CLANG_WARN_DEPRECATED_OBJC_IMPLEMENTATIONS = YES;
				CLANG_WARN_DIRECT_OBJC_ISA_USAGE = YES_ERROR;
				CLANG_WARN_DOCUMENTATION_COMMENTS = YES;
				CLANG_WARN_EMPTY_BODY = YES;
				CLANG_WARN_ENUM_CONVERSION = YES;
				CLANG_WARN_INFINITE_RECURSION = YES;
				CLANG_WARN_INT_CONVERSION = YES;
				CLANG_WARN_NON_LITERAL_NULL_CONVERSION = YES;
				CLANG_WARN_OBJC_IMPLICIT_RETAIN_SELF = YES;
				CLANG_WARN_OBJC_LITERAL_CONVERSION = YES;
				CLANG_WARN_OBJC_ROOT_CLASS = YES_ERROR;
				CLANG_WARN_RANGE_LOOP_ANALYSIS = YES;
				CLANG_WARN_STRICT_PROTOTYPES = YES;
				CLANG_WARN_SUSPICIOUS_MOVE = YES;
				CLANG_WARN_UNGUARDED_AVAILABILITY = YES_AGGRESSIVE;
				CLANG_WARN_UNREACHABLE_CODE = YES;
				CLANG_WARN__DUPLICATE_METHOD_MATCH = YES;
				COPY_PHASE_STRIP = NO;
				DEBUG_INFORMATION_FORMAT = "dwarf-with-dsym";
				ENABLE_NS_ASSERTIONS = NO;
				ENABLE_STRICT_OBJC_MSGSEND = YES;
				GCC_C_LANGUAGE_STANDARD = gnu11;
				GCC_NO_COMMON_BLOCKS = YES;
				GCC_WARN_64_TO_32_BIT_CONVERSION = YES;
				GCC_WARN_ABOUT_RETURN_TYPE = YES_ERROR;
				GCC_WARN_UNDECLARED_SELECTOR = YES;
				GCC_WARN_UNINITIALIZED_AUTOS = YES_AGGRESSIVE;
				GCC_WARN_UNUSED_FUNCTION = YES;
				GCC_WARN_UNUSED_VARIABLE = YES;
				IPHONEOS_DEPLOYMENT_TARGET = 13.2;
				MTL_ENABLE_DEBUG_INFO = NO;
				MTL_FAST_MATH = YES;
				SDKROOT = iphoneos;
				SWIFT_COMPILATION_MODE = wholemodule;
				SWIFT_OPTIMIZATION_LEVEL = "-O";
				VALIDATE_PRODUCT = YES;
			};
			name = Release;
		};
		8F535DAB23BF75AF00E72BF9 /* Debug */ = {
			isa = XCBuildConfiguration;
			buildSettings = {
				ASSETCATALOG_COMPILER_APPICON_NAME = AppIcon;
				CODE_SIGN_STYLE = Automatic;
				DEVELOPMENT_ASSET_PATHS = "\"SwapiSampleApp/Preview Content\"";
				DEVELOPMENT_TEAM = T8CFARLC27;
				ENABLE_PREVIEWS = YES;
				INFOPLIST_FILE = SwapiSampleApp/Info.plist;
				LD_RUNPATH_SEARCH_PATHS = (
					"$(inherited)",
					"@executable_path/Frameworks",
				);
				PRODUCT_BUNDLE_IDENTIFIER = com.thinx.SwapiSampleApp;
				PRODUCT_NAME = "$(TARGET_NAME)";
				SWIFT_VERSION = 5.0;
				TARGETED_DEVICE_FAMILY = "1,2";
			};
			name = Debug;
		};
		8F535DAC23BF75AF00E72BF9 /* Release */ = {
			isa = XCBuildConfiguration;
			buildSettings = {
				ASSETCATALOG_COMPILER_APPICON_NAME = AppIcon;
				CODE_SIGN_STYLE = Automatic;
				DEVELOPMENT_ASSET_PATHS = "\"SwapiSampleApp/Preview Content\"";
				DEVELOPMENT_TEAM = T8CFARLC27;
				ENABLE_PREVIEWS = YES;
				INFOPLIST_FILE = SwapiSampleApp/Info.plist;
				LD_RUNPATH_SEARCH_PATHS = (
					"$(inherited)",
					"@executable_path/Frameworks",
				);
				PRODUCT_BUNDLE_IDENTIFIER = com.thinx.SwapiSampleApp;
				PRODUCT_NAME = "$(TARGET_NAME)";
				SWIFT_VERSION = 5.0;
				TARGETED_DEVICE_FAMILY = "1,2";
			};
			name = Release;
		};
		8F535DAE23BF75AF00E72BF9 /* Debug */ = {
			isa = XCBuildConfiguration;
			buildSettings = {
				ALWAYS_EMBED_SWIFT_STANDARD_LIBRARIES = YES;
				BUNDLE_LOADER = "$(TEST_HOST)";
				CODE_SIGN_STYLE = Automatic;
				DEVELOPMENT_TEAM = T8CFARLC27;
				INFOPLIST_FILE = SwapiSampleAppTests/Info.plist;
				IPHONEOS_DEPLOYMENT_TARGET = 13.2;
				LD_RUNPATH_SEARCH_PATHS = (
					"$(inherited)",
					"@executable_path/Frameworks",
					"@loader_path/Frameworks",
				);
				PRODUCT_BUNDLE_IDENTIFIER = com.thinx.SwapiSampleAppTests;
				PRODUCT_NAME = "$(TARGET_NAME)";
				SWIFT_VERSION = 5.0;
				TARGETED_DEVICE_FAMILY = "1,2";
				TEST_HOST = "$(BUILT_PRODUCTS_DIR)/SwapiSampleApp.app/SwapiSampleApp";
			};
			name = Debug;
		};
		8F535DAF23BF75AF00E72BF9 /* Release */ = {
			isa = XCBuildConfiguration;
			buildSettings = {
				ALWAYS_EMBED_SWIFT_STANDARD_LIBRARIES = YES;
				BUNDLE_LOADER = "$(TEST_HOST)";
				CODE_SIGN_STYLE = Automatic;
				DEVELOPMENT_TEAM = T8CFARLC27;
				INFOPLIST_FILE = SwapiSampleAppTests/Info.plist;
				IPHONEOS_DEPLOYMENT_TARGET = 13.2;
				LD_RUNPATH_SEARCH_PATHS = (
					"$(inherited)",
					"@executable_path/Frameworks",
					"@loader_path/Frameworks",
				);
				PRODUCT_BUNDLE_IDENTIFIER = com.thinx.SwapiSampleAppTests;
				PRODUCT_NAME = "$(TARGET_NAME)";
				SWIFT_VERSION = 5.0;
				TARGETED_DEVICE_FAMILY = "1,2";
				TEST_HOST = "$(BUILT_PRODUCTS_DIR)/SwapiSampleApp.app/SwapiSampleApp";
			};
			name = Release;
		};
/* End XCBuildConfiguration section */

/* Begin XCConfigurationList section */
		8F535D8623BF759C00E72BF9 /* Build configuration list for PBXProject "SwapiSampleApp" */ = {
			isa = XCConfigurationList;
			buildConfigurations = (
				8F535DA823BF75AF00E72BF9 /* Debug */,
				8F535DA923BF75AF00E72BF9 /* Release */,
			);
			defaultConfigurationIsVisible = 0;
			defaultConfigurationName = Release;
		};
		8F535DAA23BF75AF00E72BF9 /* Build configuration list for PBXNativeTarget "SwapiSampleApp" */ = {
			isa = XCConfigurationList;
			buildConfigurations = (
				8F535DAB23BF75AF00E72BF9 /* Debug */,
				8F535DAC23BF75AF00E72BF9 /* Release */,
			);
			defaultConfigurationIsVisible = 0;
			defaultConfigurationName = Release;
		};
		8F535DAD23BF75AF00E72BF9 /* Build configuration list for PBXNativeTarget "SwapiSampleAppTests" */ = {
			isa = XCConfigurationList;
			buildConfigurations = (
				8F535DAE23BF75AF00E72BF9 /* Debug */,
				8F535DAF23BF75AF00E72BF9 /* Release */,
			);
			defaultConfigurationIsVisible = 0;
			defaultConfigurationName = Release;
		};
/* End XCConfigurationList section */
	};
	rootObject = 8F535D8323BF759C00E72BF9 /* Project object */;
}
